
Microsoft Visual Studio Solution File, Format Version 12.00
# Visual Studio Version 17
VisualStudioVersion = 17.11.35222.181
MinimumVisualStudioVersion = 10.0.40219.1
Project("{FAE04EC0-301F-11D3-BF4B-00C04F79EFBC}") = "POO", "POO\POO.csproj", "{E706EE62-6893-4AA6-907F-DBC30A38419F}"
EndProject
Project("{FAE04EC0-301F-11D3-BF4B-00C04F79EFBC}") = "Ficheros", "Ficheros\Ficheros.csproj", "{21BCD396-048F-40BC-B871-16AEB2BB0136}"
EndProject
Project("{FAE04EC0-301F-11D3-BF4B-00C04F79EFBC}") = "Snake", "Snake\Snake.csproj", "{EF61FE97-052C-4726-8B3D-BE2FBB7A5F00}"
EndProject
Project("{FAE04EC0-301F-11D3-BF4B-00C04F79EFBC}") = "FormasGeometricas", "FormasGeometricas\FormasGeometricas.csproj", "{7ED6C94D-0C94-4908-B922-4102F38D1F13}"
EndProject
Project("{FAE04EC0-301F-11D3-BF4B-00C04F79EFBC}") = "Hospital", "Hospital\Hospital.csproj", "{2172F637-E581-4A75-960D-8DB754CA0086}"
EndProject
Global
	GlobalSection(SolutionConfigurationPlatforms) = preSolution
		Debug|Any CPU = Debug|Any CPU
		Release|Any CPU = Release|Any CPU
	EndGlobalSection
	GlobalSection(ProjectConfigurationPlatforms) = postSolution
		{E706EE62-6893-4AA6-907F-DBC30A38419F}.Debug|Any CPU.ActiveCfg = Debug|Any CPU
		{E706EE62-6893-4AA6-907F-DBC30A38419F}.Debug|Any CPU.Build.0 = Debug|Any CPU
		{E706EE62-6893-4AA6-907F-DBC30A38419F}.Release|Any CPU.ActiveCfg = Release|Any CPU
		{E706EE62-6893-4AA6-907F-DBC30A38419F}.Release|Any CPU.Build.0 = Release|Any CPU
		{21BCD396-048F-40BC-B871-16AEB2BB0136}.Debug|Any CPU.ActiveCfg = Debug|Any CPU
		{21BCD396-048F-40BC-B871-16AEB2BB0136}.Debug|Any CPU.Build.0 = Debug|Any CPU
		{21BCD396-048F-40BC-B871-16AEB2BB0136}.Release|Any CPU.ActiveCfg = Release|Any CPU
		{21BCD396-048F-40BC-B871-16AEB2BB0136}.Release|Any CPU.Build.0 = Release|Any CPU
		{EF61FE97-052C-4726-8B3D-BE2FBB7A5F00}.Debug|Any CPU.ActiveCfg = Debug|Any CPU
		{EF61FE97-052C-4726-8B3D-BE2FBB7A5F00}.Debug|Any CPU.Build.0 = Debug|Any CPU
		{EF61FE97-052C-4726-8B3D-BE2FBB7A5F00}.Release|Any CPU.ActiveCfg = Release|Any CPU
		{EF61FE97-052C-4726-8B3D-BE2FBB7A5F00}.Release|Any CPU.Build.0 = Release|Any CPU
		{7ED6C94D-0C94-4908-B922-4102F38D1F13}.Debug|Any CPU.ActiveCfg = Debug|Any CPU
		{7ED6C94D-0C94-4908-B922-4102F38D1F13}.Debug|Any CPU.Build.0 = Debug|Any CPU
		{7ED6C94D-0C94-4908-B922-4102F38D1F13}.Release|Any CPU.ActiveCfg = Release|Any CPU
		{7ED6C94D-0C94-4908-B922-4102F38D1F13}.Release|Any CPU.Build.0 = Release|Any CPU
		{2172F637-E581-4A75-960D-8DB754CA0086}.Debug|Any CPU.ActiveCfg = Debug|Any CPU
		{2172F637-E581-4A75-960D-8DB754CA0086}.Debug|Any CPU.Build.0 = Debug|Any CPU
		{2172F637-E581-4A75-960D-8DB754CA0086}.Release|Any CPU.ActiveCfg = Release|Any CPU
		{2172F637-E581-4A75-960D-8DB754CA0086}.Release|Any CPU.Build.0 = Release|Any CPU
	EndGlobalSection
	GlobalSection(SolutionProperties) = preSolution
		HideSolutionNode = FALSE
	EndGlobalSection
	GlobalSection(ExtensibilityGlobals) = postSolution
		SolutionGuid = {57A8700B-04FE-4236-A1B1-E55FFCD8345B}
	EndGlobalSection
EndGlobal
